dependencies:
- name: common
  repository: oci://registry-1.docker.io/bitnamicharts
  version: 2.31.4
- name: postgresql
  repository: oci://registry-1.docker.io/bitnamicharts
  version: 18.1.2
- name: valkey
  repository: oci://registry-1.docker.io/bitnamicharts
  version: 4.1.3
digest: sha256:99da8c2aa44e5c35311a9839c6e9eeb23382a321ac700eb0166a08d9709c5f74
generated: "2025-10-27T22:46:08.99010516Z"
