dependencies:
- name: common
  repository: oci://registry-1.docker.io/bitnamicharts
  version: 2.28.0
- name: postgresql
  repository: oci://registry-1.docker.io/bitnamicharts
  version: 16.3.0
- name: redis
  repository: oci://registry-1.docker.io/bitnamicharts
  version: 20.5.0
digest: sha256:4f157b4d0e685c54e9870ca0eae7e2f9e28269198b8476b774678a25601f7ccf
generated: "2024-12-11T18:30:29.549414123Z"
