dependencies:
- name: postgresql
  repository: oci://registry-1.docker.io/bitnamicharts
  version: 13.2.0
- name: redis
  repository: oci://registry-1.docker.io/bitnamicharts
  version: 18.2.0
digest: sha256:30d6adc6861d068e768b357af91e7420e0fc2c243b518bc453be5e562bc7a812
generated: "2023-10-31T23:20:41.284716Z"
