dependencies:
- name: common
  repository: oci://registry-1.docker.io/bitnamicharts
  version: 2.36.0
- name: netbox
  repository: oci://ghcr.io/netbox-community/netbox-chart
  version: 8.0.8
digest: sha256:f86f51b317287cf447bae2b3ffe4f348389a69ecebf5e9cf63c787a15eb6208e
generated: "2026-03-04T21:11:08.215605669Z"
