dependencies:
- name: common
  repository: oci://registry-1.docker.io/bitnamicharts
  version: 2.31.4
- name: netbox
  repository: oci://ghcr.io/netbox-community/netbox-chart
  version: 7.1.8
digest: sha256:6ae37cc37b6e2ba81f1b20a14a7dab090936992e00f685c495c89637064d9806
generated: "2025-10-14T23:07:16.1531375Z"
