dependencies:
- name: common
  repository: oci://registry-1.docker.io/bitnamicharts
  version: 2.31.4
- name: netbox
  repository: oci://ghcr.io/netbox-community/netbox-chart
  version: 7.1.18
digest: sha256:476185182b8653afab9ec09ec626f3fb8f7c9c92a9993c1be8e1636fd023a634
generated: "2025-10-29T10:35:32.501934864Z"
